// !$*UTF8*$!
{
	archiveVersion = 1;
	classes = {
	};
	objectVersion = 110;
	objects = {

/* Begin PBXBuildFile section */
		3FBE14F93073C746002E137D /* Beatavue Watch Watch App.app in Embed Watch Content */ = {isa = PBXBuildFile; fileRef = 3FBE14DB3073C745002E137D /* Beatavue Watch Watch App.app */; settings = {ATTRIBUTES = (RemoveHeadersOnCopy, ); }; };
/* End PBXBuildFile section */

/* Begin PBXContainerItemProxy section */
		3FBE14BD3073C15D002E137D /* PBXContainerItemProxy */ = {
			isa = PBXContainerItemProxy;
			containerPortal = 3FBE14A53073C15D002E137D /* Project object */;
			proxyType = 1;
			remoteGlobalIDString = 3FBE14AC3073C15D002E137D;
			remoteInfo = Beatavue;
		};
		3FBE14C73073C15D002E137D /* PBXContainerItemProxy */ = {
			isa = PBXContainerItemProxy;
			containerPortal = 3FBE14A53073C15D002E137D /* Project object */;
			proxyType = 1;
			remoteGlobalIDString = 3FBE14AC3073C15D002E137D;
			remoteInfo = Beatavue;
		};
		3FBE14E83073C746002E137D /* PBXContainerItemProxy */ = {
			isa = PBXContainerItemProxy;
			containerPortal = 3FBE14A53073C15D002E137D /* Project object */;
			proxyType = 1;
			remoteGlobalIDString = 3FBE14DA3073C745002E137D;
			remoteInfo = "Beatavue Watch Watch App";
		};
		3FBE14F23073C746002E137D /* PBXContainerItemProxy */ = {
			isa = PBXContainerItemProxy;
			containerPortal = 3FBE14A53073C15D002E137D /* Project object */;
			proxyType = 1;
			remoteGlobalIDString = 3FBE14DA3073C745002E137D;
			remoteInfo = "Beatavue Watch Watch App";
		};
		3FBE14F73073C746002E137D /* PBXContainerItemProxy */ = {
			isa = PBXContainerItemProxy;
			containerPortal = 3FBE14A53073C15D002E137D /* Project object */;
			proxyType = 1;
			remoteGlobalIDString = 3FBE14DA3073C745002E137D;
			remoteInfo = "Beatavue Watch Watch App";
		};
/* End PBXContainerItemProxy section */

/* Begin PBXCopyFilesBuildPhase section */
		3FBE14FD3073C746002E137D /* Embed Watch Content */ = {
			isa = PBXCopyFilesBuildPhase;
			dstPath = "$(CONTENTS_FOLDER_PATH)/Watch";
			dstSubfolder = Product;
			files = (
				3FBE14F93073C746002E137D /* Beatavue Watch Watch App.app in Embed Watch Content */,
			);
			name = "Embed Watch Content";
		};
/* End PBXCopyFilesBuildPhase section */

/* Begin PBXFileReference section */
		3FAA90A63073CB4700AE7BBA /* Beatavue-Watch-Watch-App-Info.plist */ = {isa = PBXFileReference; lastKnownFileType = text.plist; path = "Beatavue-Watch-Watch-App-Info.plist"; sourceTree = "<group>"; };
		3FBE14AD3073C15D002E137D /* Beatavue.app */ = {isa = PBXFileReference; explicitFileType = wrapper.application; includeInIndex = 0; path = Beatavue.app; sourceTree = BUILT_PRODUCTS_DIR; };
		3FBE14BC3073C15D002E137D /* BeatavueTests.xctest */ = {isa = PBXFileReference; explicitFileType = wrapper.cfbundle; includeInIndex = 0; path = BeatavueTests.xctest; sourceTree = BUILT_PRODUCTS_DIR; };
		3FBE14C63073C15D002E137D /* BeatavueUITests.xctest */ = {isa = PBXFileReference; explicitFileType = wrapper.cfbundle; includeInIndex = 0; path = BeatavueUITests.xctest; sourceTree = BUILT_PRODUCTS_DIR; };
		3FBE14DB3073C745002E137D /* Beatavue Watch Watch App.app */ = {isa = PBXFileReference; explicitFileType = wrapper.application; includeInIndex = 0; path = "Beatavue Watch Watch App.app"; sourceTree = BUILT_PRODUCTS_DIR; };
		3FBE14E73073C746002E137D /* Beatavue Watch Watch AppTests.xctest */ = {isa = PBXFileReference; explicitFileType = wrapper.cfbundle; includeInIndex = 0; path = "Beatavue Watch Watch AppTests.xctest"; sourceTree = BUILT_PRODUCTS_DIR; };
		3FBE14F13073C746002E137D /* Beatavue Watch Watch AppUITests.xctest */ = {isa = PBXFileReference; explicitFileType = wrapper.cfbundle; includeInIndex = 0; path = "Beatavue Watch Watch AppUITests.xctest"; sourceTree = BUILT_PRODUCTS_DIR; };
/* End PBXFileReference section */

/* Begin PBXFileSystemSynchronizedRootGroup section */
		3FBE14AF3073C15D002E137D /* Beatavue */ = {
			isa = PBXFileSystemSynchronizedRootGroup;
			path = Beatavue;
			sourceTree = "<group>";
		};
		3FBE14BF3073C15D002E137D /* BeatavueTests */ = {
			isa = PBXFileSystemSynchronizedRootGroup;
			path = BeatavueTests;
			sourceTree = "<group>";
		};
		3FBE14C93073C15D002E137D /* BeatavueUITests */ = {
			isa = PBXFileSystemSynchronizedRootGroup;
			path = BeatavueUITests;
			sourceTree = "<group>";
		};
		3FBE14DC3073C745002E137D /* Beatavue Watch Watch App */ = {
			isa = PBXFileSystemSynchronizedRootGroup;
			path = "Beatavue Watch Watch App";
			sourceTree = "<group>";
		};
		3FBE14EA3073C746002E137D /* Beatavue Watch Watch AppTests */ = {
			isa = PBXFileSystemSynchronizedRootGroup;
			path = "Beatavue Watch Watch AppTests";
			sourceTree = "<group>";
		};
		3FBE14F43073C746002E137D /* Beatavue Watch Watch AppUITests */ = {
			isa = PBXFileSystemSynchronizedRootGroup;
			path = "Beatavue Watch Watch AppUITests";
			sourceTree = "<group>";
		};
/* End PBXFileSystemSynchronizedRootGroup section */

/* Begin PBXFrameworksBuildPhase section */
		3FBE14AA3073C15D002E137D /* Frameworks */ = {
			isa = PBXFrameworksBuildPhase;
			files = (
			);
		};
		3FBE14B93073C15D002E137D /* Frameworks */ = {
			isa = PBXFrameworksBuildPhase;
			files = (
			);
		};
		3FBE14C33073C15D002E137D /* Frameworks */ = {
			isa = PBXFrameworksBuildPhase;
			files = (
			);
		};
		3FBE14D83073C745002E137D /* Frameworks */ = {
			isa = PBXFrameworksBuildPhase;
			files = (
			);
		};
		3FBE14E43073C746002E137D /* Frameworks */ = {
			isa = PBXFrameworksBuildPhase;
			files = (
			);
		};
		3FBE14EE3073C746002E137D /* Frameworks */ = {
			isa = PBXFrameworksBuildPhase;
			files = (
			);
		};
/* End PBXFrameworksBuildPhase section */

/* Begin PBXGroup section */
		3FBE14A43073C15D002E137D = {
			isa = PBXGroup;
			children = (
				3FAA90A63073CB4700AE7BBA /* Beatavue-Watch-Watch-App-Info.plist */,
				3FBE14AF3073C15D002E137D /* Beatavue */,
				3FBE14BF3073C15D002E137D /* BeatavueTests */,
				3FBE14C93073C15D002E137D /* BeatavueUITests */,
				3FBE14DC3073C745002E137D /* Beatavue Watch Watch App */,
				3FBE14EA3073C746002E137D /* Beatavue Watch Watch AppTests */,
				3FBE14F43073C746002E137D /* Beatavue Watch Watch AppUITests */,
				3FBE14AE3073C15D002E137D /* Products */,
			);
			sourceTree = "<group>";
		};
		3FBE14AE3073C15D002E137D /* Products */ = {
			isa = PBXGroup;
			children = (
				3FBE14AD3073C15D002E137D /* Beatavue.app */,
				3FBE14BC3073C15D002E137D /* BeatavueTests.xctest */,
				3FBE14C63073C15D002E137D /* BeatavueUITests.xctest */,
				3FBE14DB3073C745002E137D /* Beatavue Watch Watch App.app */,
				3FBE14E73073C746002E137D /* Beatavue Watch Watch AppTests.xctest */,
				3FBE14F13073C746002E137D /* Beatavue Watch Watch AppUITests.xctest */,
			);
			name = Products;
			sourceTree = "<group>";
		};
/* End PBXGroup section */

/* Begin PBXNativeTarget section */
		3FBE14AC3073C15D002E137D /* Beatavue */ = {
			isa = PBXNativeTarget;
			buildConfigurationList = 3FBE14CE3073C15D002E137D /* Build configuration list for PBXNativeTarget "Beatavue" */;
			buildPhases = (
				3FBE14A93073C15D002E137D /* Sources */,
				3FBE14AA3073C15D002E137D /* Frameworks */,
				3FBE14AB3073C15D002E137D /* Resources */,
				3FBE14FD3073C746002E137D /* Embed Watch Content */,
			);
			buildRules = (
			);
			dependencies = (
				3FBE14F83073C746002E137D /* PBXTargetDependency */,
			);
			fileSystemSynchronizedGroups = (
				3FBE14AF3073C15D002E137D /* Beatavue */,
			);
			name = Beatavue;
			productName = Beatavue;
			productReference = 3FBE14AD3073C15D002E137D /* Beatavue.app */;
			productType = "com.apple.product-type.application";
		};
		3FBE14BB3073C15D002E137D /* BeatavueTests */ = {
			isa = PBXNativeTarget;
			buildConfigurationList = 3FBE14D13073C15D002E137D /* Build configuration list for PBXNativeTarget "BeatavueTests" */;
			buildPhases = (
				3FBE14B83073C15D002E137D /* Sources */,
				3FBE14B93073C15D002E137D /* Frameworks */,
				3FBE14BA3073C15D002E137D /* Resources */,
			);
			buildRules = (
			);
			dependencies = (
				3FBE14BE3073C15D002E137D /* PBXTargetDependency */,
			);
			fileSystemSynchronizedGroups = (
				3FBE14BF3073C15D002E137D /* BeatavueTests */,
			);
			name = BeatavueTests;
			productName = BeatavueTests;
			productReference = 3FBE14BC3073C15D002E137D /* BeatavueTests.xctest */;
			productType = "com.apple.product-type.bundle.unit-test";
		};
		3FBE14C53073C15D002E137D /* BeatavueUITests */ = {
			isa = PBXNativeTarget;
			buildConfigurationList = 3FBE14D43073C15D002E137D /* Build configuration list for PBXNativeTarget "BeatavueUITests" */;
			buildPhases = (
				3FBE14C23073C15D002E137D /* Sources */,
				3FBE14C33073C15D002E137D /* Frameworks */,
				3FBE14C43073C15D002E137D /* Resources */,
			);
			buildRules = (
			);
			dependencies = (
				3FBE14C83073C15D002E137D /* PBXTargetDependency */,
			);
			fileSystemSynchronizedGroups = (
				3FBE14C93073C15D002E137D /* BeatavueUITests */,
			);
			name = BeatavueUITests;
			productName = BeatavueUITests;
			productReference = 3FBE14C63073C15D002E137D /* BeatavueUITests.xctest */;
			productType = "com.apple.product-type.bundle.ui-testing";
		};
		3FBE14DA3073C745002E137D /* Beatavue Watch Watch App */ = {
			isa = PBXNativeTarget;
			buildConfigurationList = 3FBE14FA3073C746002E137D /* Build configuration list for PBXNativeTarget "Beatavue Watch Watch App" */;
			buildPhases = (
				3FBE14D73073C745002E137D /* Sources */,
				3FBE14D83073C745002E137D /* Frameworks */,
				3FBE14D93073C745002E137D /* Resources */,
			);
			buildRules = (
			);
			fileSystemSynchronizedGroups = (
				3FBE14DC3073C745002E137D /* Beatavue Watch Watch App */,
			);
			name = "Beatavue Watch Watch App";
			productName = "Beatavue Watch Watch App";
			productReference = 3FBE14DB3073C745002E137D /* Beatavue Watch Watch App.app */;
			productType = "com.apple.product-type.application";
		};
		3FBE14E63073C746002E137D /* Beatavue Watch Watch AppTests */ = {
			isa = PBXNativeTarget;
			buildConfigurationList = 3FBE14FE3073C746002E137D /* Build configuration list for PBXNativeTarget "Beatavue Watch Watch AppTests" */;
			buildPhases = (
				3FBE14E33073C746002E137D /* Sources */,
				3FBE14E43073C746002E137D /* Frameworks */,
				3FBE14E53073C746002E137D /* Resources */,
			);
			buildRules = (
			);
			dependencies = (
				3FBE14E93073C746002E137D /* PBXTargetDependency */,
			);
			fileSystemSynchronizedGroups = (
				3FBE14EA3073C746002E137D /* Beatavue Watch Watch AppTests */,
			);
			name = "Beatavue Watch Watch AppTests";
			productName = "Beatavue Watch Watch AppTests";
			productReference = 3FBE14E73073C746002E137D /* Beatavue Watch Watch AppTests.xctest */;
			productType = "com.apple.product-type.bundle.unit-test";
		};
		3FBE14F03073C746002E137D /* Beatavue Watch Watch AppUITests */ = {
			isa = PBXNativeTarget;
			buildConfigurationList = 3FBE15013073C746002E137D /* Build configuration list for PBXNativeTarget "Beatavue Watch Watch AppUITests" */;
			buildPhases = (
				3FBE14ED3073C746002E137D /* Sources */,
				3FBE14EE3073C746002E137D /* Frameworks */,
				3FBE14EF3073C746002E137D /* Resources */,
			);
			buildRules = (
			);
			dependencies = (
				3FBE14F33073C746002E137D /* PBXTargetDependency */,
			);
			fileSystemSynchronizedGroups = (
				3FBE14F43073C746002E137D /* Beatavue Watch Watch AppUITests */,
			);
			name = "Beatavue Watch Watch AppUITests";
			productName = "Beatavue Watch Watch AppUITests";
			productReference = 3FBE14F13073C746002E137D /* Beatavue Watch Watch AppUITests.xctest */;
			productType = "com.apple.product-type.bundle.ui-testing";
		};
/* End PBXNativeTarget section */

/* Begin PBXProject section */
		3FBE14A53073C15D002E137D /* Project object */ = {
			isa = PBXProject;
			attributes = {
				BuildIndependentTargetsInParallel = 1;
				LastSwiftUpdateCheck = 2700;
				LastUpgradeCheck = 2700;
				TargetAttributes = {
					3FBE14AC3073C15D002E137D = {
						CreatedOnToolsVersion = 27.0;
					};
					3FBE14BB3073C15D002E137D = {
						CreatedOnToolsVersion = 27.0;
						TestTargetID = 3FBE14AC3073C15D002E137D;
					};
					3FBE14C53073C15D002E137D = {
						CreatedOnToolsVersion = 27.0;
						TestTargetID = 3FBE14AC3073C15D002E137D;
					};
					3FBE14DA3073C745002E137D = {
						CreatedOnToolsVersion = 27.0;
					};
					3FBE14E63073C746002E137D = {
						CreatedOnToolsVersion = 27.0;
						TestTargetID = 3FBE14DA3073C745002E137D;
					};
					3FBE14F03073C746002E137D = {
						CreatedOnToolsVersion = 27.0;
						TestTargetID = 3FBE14DA3073C745002E137D;
					};
				};
			};
			buildConfigurationList = 3FBE14A83073C15D002E137D /* Build configuration list for PBXProject "Beatavue" */;
			developmentRegion = en;
			hasScannedForEncodings = 0;
			knownRegions = (
				en,
				Base,
			);
			mainGroup = 3FBE14A43073C15D002E137D;
			minimizedProjectReferenceProxies = 1;
			preferredProjectObjectVersion = 77;
			productRefGroup = 3FBE14AE3073C15D002E137D /* Products */;
			projectDirPath = "";
			projectRoot = "";
			targets = (
				3FBE14AC3073C15D002E137D /* Beatavue */,
				3FBE14BB3073C15D002E137D /* BeatavueTests */,
				3FBE14C53073C15D002E137D /* BeatavueUITests */,
				3FBE14DA3073C745002E137D /* Beatavue Watch Watch App */,
				3FBE14E63073C746002E137D /* Beatavue Watch Watch AppTests */,
				3FBE14F03073C746002E137D /* Beatavue Watch Watch AppUITests */,
			);
		};
/* End PBXProject section */

/* Begin PBXResourcesBuildPhase section */
		3FBE14AB3073C15D002E137D /* Resources */ = {
			isa = PBXResourcesBuildPhase;
			files = (
			);
		};
		3FBE14BA3073C15D002E137D /* Resources */ = {
			isa = PBXResourcesBuildPhase;
			files = (
			);
		};
		3FBE14C43073C15D002E137D /* Resources */ = {
			isa = PBXResourcesBuildPhase;
			files = (
			);
		};
		3FBE14D93073C745002E137D /* Resources */ = {
			isa = PBXResourcesBuildPhase;
			files = (
			);
		};
		3FBE14E53073C746002E137D /* Resources */ = {
			isa = PBXResourcesBuildPhase;
			files = (
			);
		};
		3FBE14EF3073C746002E137D /* Resources */ = {
			isa = PBXResourcesBuildPhase;
			files = (
			);
		};
/* End PBXResourcesBuildPhase section */

/* Begin PBXSourcesBuildPhase section */
		3FBE14A93073C15D002E137D /* Sources */ = {
			isa = PBXSourcesBuildPhase;
			files = (
			);
		};
		3FBE14B83073C15D002E137D /* Sources */ = {
			isa = PBXSourcesBuildPhase;
			files = (
			);
		};
		3FBE14C23073C15D002E137D /* Sources */ = {
			isa = PBXSourcesBuildPhase;
			files = (
			);
		};
		3FBE14D73073C745002E137D /* Sources */ = {
			isa = PBXSourcesBuildPhase;
			files = (
			);
		};
		3FBE14E33073C746002E137D /* Sources */ = {
			isa = PBXSourcesBuildPhase;
			files = (
			);
		};
		3FBE14ED3073C746002E137D /* Sources */ = {
			isa = PBXSourcesBuildPhase;
			files = (
			);
		};
/* End PBXSourcesBuildPhase section */

/* Begin PBXTargetDependency section */
		3FBE14BE3073C15D002E137D /* PBXTargetDependency */ = {
			isa = PBXTargetDependency;
			target = 3FBE14AC3073C15D002E137D /* Beatavue */;
			targetProxy = 3FBE14BD3073C15D002E137D /* PBXContainerItemProxy */;
		};
		3FBE14C83073C15D002E137D /* PBXTargetDependency */ = {
			isa = PBXTargetDependency;
			target = 3FBE14AC3073C15D002E137D /* Beatavue */;
			targetProxy = 3FBE14C73073C15D002E137D /* PBXContainerItemProxy */;
		};
		3FBE14E93073C746002E137D /* PBXTargetDependency */ = {
			isa = PBXTargetDependency;
			target = 3FBE14DA3073C745002E137D /* Beatavue Watch Watch App */;
			targetProxy = 3FBE14E83073C746002E137D /* PBXContainerItemProxy */;
		};
		3FBE14F33073C746002E137D /* PBXTargetDependency */ = {
			isa = PBXTargetDependency;
			target = 3FBE14DA3073C745002E137D /* Beatavue Watch Watch App */;
			targetProxy = 3FBE14F23073C746002E137D /* PBXContainerItemProxy */;
		};
		3FBE14F83073C746002E137D /* PBXTargetDependency */ = {
			isa = PBXTargetDependency;
			target = 3FBE14DA3073C745002E137D /* Beatavue Watch Watch App */;
			targetProxy = 3FBE14F73073C746002E137D /* PBXContainerItemProxy */;
		};
/* End PBXTargetDependency section */

/* Begin XCBuildConfiguration section */
		3FBE14CC3073C15D002E137D /* Debug configuration for PBXProject "Beatavue" */ = {
			isa = XCBuildConfiguration;
			buildSettings = {
				ALWAYS_SEARCH_USER_PATHS = NO;
				ASSETCATALOG_COMPILER_GENERATE_SWIFT_ASSET_SYMBOL_EXTENSIONS = YES;
				CLANG_ANALYZER_NONNULL = YES;
				CLANG_ANALYZER_NUMBER_OBJECT_CONVERSION = YES_AGGRESSIVE;
				CLANG_CXX_LANGUAGE_STANDARD = "gnu++20";
				CLANG_ENABLE_MODULES = YES;
				CLANG_ENABLE_OBJC_ARC = YES;
				CLANG_ENABLE_OBJC_WEAK = YES;
				CLANG_WARN_BLOCK_CAPTURE_AUTORELEASING = YES;
				CLANG_WARN_BOOL_CONVERSION = YES;
				CLANG_WARN_COMMA = YES;
				CLANG_WARN_CONSTANT_CONVERSION = YES;
				CLANG_WARN_DEPRECATED_OBJC_IMPLEMENTATIONS = YES;
				CLANG_WARN_DIRECT_OBJC_ISA_USAGE = YES_ERROR;
				CLANG_WARN_DOCUMENTATION_COMMENTS = YES;
				CLANG_WARN_EMPTY_BODY = YES;
				CLANG_WARN_ENUM_CONVERSION = YES;
				CLANG_WARN_INFINITE_RECURSION = YES;
				CLANG_WARN_INT_CONVERSION = YES;
				CLANG_WARN_NON_LITERAL_NULL_CONVERSION = YES;
				CLANG_WARN_OBJC_IMPLICIT_RETAIN_SELF = YES;
				CLANG_WARN_OBJC_LITERAL_CONVERSION = YES;
				CLANG_WARN_OBJC_ROOT_CLASS = YES_ERROR;
				CLANG_WARN_QUOTED_INCLUDE_IN_FRAMEWORK_HEADER = YES;
				CLANG_WARN_RANGE_LOOP_ANALYSIS = YES;
				CLANG_WARN_STRICT_PROTOTYPES = YES;
				CLANG_WARN_SUSPICIOUS_MOVE = YES;
				CLANG_WARN_UNGUARDED_AVAILABILITY = YES_AGGRESSIVE;
				CLANG_WARN_UNREACHABLE_CODE = YES;
				CLANG_WARN__DUPLICATE_METHOD_MATCH = YES;
				COPY_PHASE_STRIP = NO;
				DEBUG_INFORMATION_FORMAT = dwarf;
				DEVELOPMENT_TEAM = 6W8B6G9KYD;
				ENABLE_STRICT_OBJC_MSGSEND = YES;
				ENABLE_TESTABILITY = YES;
				ENABLE_USER_SCRIPT_SANDBOXING = YES;
				GCC_C_LANGUAGE_STANDARD = gnu17;
				GCC_DYNAMIC_NO_PIC = NO;
				GCC_NO_COMMON_BLOCKS = YES;
				GCC_OPTIMIZATION_LEVEL = 0;
				GCC_PREPROCESSOR_DEFINITIONS = (
					"DEBUG=1",
					"$(inherited)",
				);
				GCC_WARN_64_TO_32_BIT_CONVERSION = YES;
				GCC_WARN_ABOUT_RETURN_TYPE = YES_ERROR;
				GCC_WARN_UNDECLARED_SELECTOR = YES;
				GCC_WARN_UNINITIALIZED_AUTOS = YES_AGGRESSIVE;
				GCC_WARN_UNUSED_FUNCTION = YES;
				GCC_WARN_UNUSED_VARIABLE = YES;
				IPHONEOS_DEPLOYMENT_TARGET = 27.0;
				LOCALIZATION_PREFERS_STRING_CATALOGS = YES;
				MTL_ENABLE_DEBUG_INFO = INCLUDE_SOURCE;
				MTL_FAST_MATH = YES;
				ONLY_ACTIVE_ARCH = YES;
				SDKROOT = iphoneos;
				SWIFT_ACTIVE_COMPILATION_CONDITIONS = "DEBUG $(inherited)";
				SWIFT_OPTIMIZATION_LEVEL = "-Onone";
			};
			name = Debug;
		};
		3FBE14CD3073C15D002E137D /* Release configuration for PBXProject "Beatavue" */ = {
			isa = XCBuildConfiguration;
			buildSettings = {
				ALWAYS_SEARCH_USER_PATHS = NO;
				ASSETCATALOG_COMPILER_GENERATE_SWIFT_ASSET_SYMBOL_EXTENSIONS = YES;
				CLANG_ANALYZER_NONNULL = YES;
				CLANG_ANALYZER_NUMBER_OBJECT_CONVERSION = YES_AGGRESSIVE;
				CLANG_CXX_LANGUAGE_STANDARD = "gnu++20";
				CLANG_ENABLE_MODULES = YES;
				CLANG_ENABLE_OBJC_ARC = YES;
				CLANG_ENABLE_OBJC_WEAK = YES;
				CLANG_WARN_BLOCK_CAPTURE_AUTORELEASING = YES;
				CLANG_WARN_BOOL_CONVERSION = YES;
				CLANG_WARN_COMMA = YES;
				CLANG_WARN_CONSTANT_CONVERSION = YES;
				CLANG_WARN_DEPRECATED_OBJC_IMPLEMENTATIONS = YES;
				CLANG_WARN_DIRECT_OBJC_ISA_USAGE = YES_ERROR;
				CLANG_WARN_DOCUMENTATION_COMMENTS = YES;
				CLANG_WARN_EMPTY_BODY = YES;
				CLANG_WARN_ENUM_CONVERSION = YES;
				CLANG_WARN_INFINITE_RECURSION = YES;
				CLANG_WARN_INT_CONVERSION = YES;
				CLANG_WARN_NON_LITERAL_NULL_CONVERSION = YES;
				CLANG_WARN_OBJC_IMPLICIT_RETAIN_SELF = YES;
				CLANG_WARN_OBJC_LITERAL_CONVERSION = YES;
				CLANG_WARN_OBJC_ROOT_CLASS = YES_ERROR;
				CLANG_WARN_QUOTED_INCLUDE_IN_FRAMEWORK_HEADER = YES;
				CLANG_WARN_RANGE_LOOP_ANALYSIS = YES;
				CLANG_WARN_STRICT_PROTOTYPES = YES;
				CLANG_WARN_SUSPICIOUS_MOVE = YES;
				CLANG_WARN_UNGUARDED_AVAILABILITY = YES_AGGRESSIVE;
				CLANG_WARN_UNREACHABLE_CODE = YES;
				CLANG_WARN__DUPLICATE_METHOD_MATCH = YES;
				COPY_PHASE_STRIP = NO;
				DEBUG_INFORMATION_FORMAT = "dwarf-with-dsym";
				DEVELOPMENT_TEAM = 6W8B6G9KYD;
				ENABLE_NS_ASSERTIONS = NO;
				ENABLE_STRICT_OBJC_MSGSEND = YES;
				ENABLE_USER_SCRIPT_SANDBOXING = YES;
				GCC_C_LANGUAGE_STANDARD = gnu17;
				GCC_NO_COMMON_BLOCKS = YES;
				GCC_WARN_64_TO_32_BIT_CONVERSION = YES;
				GCC_WARN_ABOUT_RETURN_TYPE = YES_ERROR;
				GCC_WARN_UNDECLARED_SELECTOR = YES;
				GCC_WARN_UNINITIALIZED_AUTOS = YES_AGGRESSIVE;
				GCC_WARN_UNUSED_FUNCTION = YES;
				GCC_WARN_UNUSED_VARIABLE = YES;
				IPHONEOS_DEPLOYMENT_TARGET = 27.0;
				LOCALIZATION_PREFERS_STRING_CATALOGS = YES;
				MTL_ENABLE_DEBUG_INFO = NO;
				MTL_FAST_MATH = YES;
				SDKROOT = iphoneos;
				SWIFT_COMPILATION_MODE = wholemodule;
				VALIDATE_PRODUCT = YES;
			};
			name = Release;
		};
		3FBE14CF3073C15D002E137D /* Debug configuration for PBXNativeTarget "Beatavue" */ = {
			isa = XCBuildConfiguration;
			buildSettings = {
				ASSETCATALOG_COMPILER_APPICON_NAME = AppIcon;
				ASSETCATALOG_COMPILER_GLOBAL_ACCENT_COLOR_NAME = AccentColor;
				CODE_SIGN_ENTITLEMENTS = Beatavue/Beatavue.entitlements;
				CODE_SIGN_STYLE = Automatic;
				CURRENT_PROJECT_VERSION = 1;
				DEVELOPMENT_TEAM = 6W8B6G9KYD;
				ENABLE_PREVIEWS = YES;
				GENERATE_INFOPLIST_FILE = YES;
				INFOPLIST_KEY_NSHealthShareUsageDescription = "Beatavue reads heart rate and HRV (SDNN) to show your history and mirrored workout readings.";
				INFOPLIST_KEY_NSHealthUpdateUsageDescription = "Beatavue saves workouts you explicitly start and stop on Apple Watch to Apple Health.";
				INFOPLIST_KEY_UIApplicationSceneManifest_Generation = YES;
				INFOPLIST_KEY_UIApplicationSupportsIndirectInputEvents = YES;
				INFOPLIST_KEY_UILaunchScreen_Generation = YES;
				INFOPLIST_KEY_UISupportedInterfaceOrientations_iPad = "UIInterfaceOrientationPortrait UIInterfaceOrientationPortraitUpsideDown UIInterfaceOrientationLandscapeLeft UIInterfaceOrientationLandscapeRight";
				INFOPLIST_KEY_UISupportedInterfaceOrientations_iPhone = "UIInterfaceOrientationPortrait UIInterfaceOrientationLandscapeLeft UIInterfaceOrientationLandscapeRight";
				IPHONEOS_DEPLOYMENT_TARGET = 17.0;
				LD_RUNPATH_SEARCH_PATHS = (
					"$(inherited)",
					"@executable_path/Frameworks",
				);
				MARKETING_VERSION = 1.0;
				PRODUCT_BUNDLE_IDENTIFIER = com.kinn.Beatavue;
				PRODUCT_NAME = "$(TARGET_NAME)";
				STRING_CATALOG_GENERATE_SYMBOLS = YES;
				SWIFT_APPROACHABLE_CONCURRENCY = YES;
				SWIFT_DEFAULT_ACTOR_ISOLATION = MainActor;
				SWIFT_EMIT_LOC_STRINGS = YES;
				SWIFT_UPCOMING_FEATURE_MEMBER_IMPORT_VISIBILITY = YES;
				SWIFT_VERSION = 5.0;
				TARGETED_DEVICE_FAMILY = "1,2";
			};
			name = Debug;
		};
		3FBE14D03073C15D002E137D /* Release configuration for PBXNativeTarget "Beatavue" */ = {
			isa = XCBuildConfiguration;
			buildSettings = {
				ASSETCATALOG_COMPILER_APPICON_NAME = AppIcon;
				ASSETCATALOG_COMPILER_GLOBAL_ACCENT_COLOR_NAME = AccentColor;
				CODE_SIGN_ENTITLEMENTS = Beatavue/Beatavue.entitlements;
				CODE_SIGN_STYLE = Automatic;
				CURRENT_PROJECT_VERSION = 1;
				DEVELOPMENT_TEAM = 6W8B6G9KYD;
				ENABLE_PREVIEWS = YES;
				GENERATE_INFOPLIST_FILE = YES;
				INFOPLIST_KEY_NSHealthShareUsageDescription = "Beatavue reads heart rate and HRV (SDNN) to show your history and mirrored workout readings.";
				INFOPLIST_KEY_NSHealthUpdateUsageDescription = "Beatavue saves workouts you explicitly start and stop on Apple Watch to Apple Health.";
				INFOPLIST_KEY_UIApplicationSceneManifest_Generation = YES;
				INFOPLIST_KEY_UIApplicationSupportsIndirectInputEvents = YES;
				INFOPLIST_KEY_UILaunchScreen_Generation = YES;
				INFOPLIST_KEY_UISupportedInterfaceOrientations_iPad = "UIInterfaceOrientationPortrait UIInterfaceOrientationPortraitUpsideDown UIInterfaceOrientationLandscapeLeft UIInterfaceOrientationLandscapeRight";
				INFOPLIST_KEY_UISupportedInterfaceOrientations_iPhone = "UIInterfaceOrientationPortrait UIInterfaceOrientationLandscapeLeft UIInterfaceOrientationLandscapeRight";
				IPHONEOS_DEPLOYMENT_TARGET = 17.0;
				LD_RUNPATH_SEARCH_PATHS = (
					"$(inherited)",
					"@executable_path/Frameworks",
				);
				MARKETING_VERSION = 1.0;
				PRODUCT_BUNDLE_IDENTIFIER = com.kinn.Beatavue;
				PRODUCT_NAME = "$(TARGET_NAME)";
				STRING_CATALOG_GENERATE_SYMBOLS = YES;
				SWIFT_APPROACHABLE_CONCURRENCY = YES;
				SWIFT_DEFAULT_ACTOR_ISOLATION = MainActor;
				SWIFT_EMIT_LOC_STRINGS = YES;
				SWIFT_UPCOMING_FEATURE_MEMBER_IMPORT_VISIBILITY = YES;
				SWIFT_VERSION = 5.0;
				TARGETED_DEVICE_FAMILY = "1,2";
			};
			name = Release;
		};
		3FBE14D23073C15D002E137D /* Debug configuration for PBXNativeTarget "BeatavueTests" */ = {
			isa = XCBuildConfiguration;
			buildSettings = {
				BUNDLE_LOADER = "$(TEST_HOST)";
				CODE_SIGN_STYLE = Automatic;
				CURRENT_PROJECT_VERSION = 1;
				DEVELOPMENT_TEAM = 6W8B6G9KYD;
				GENERATE_INFOPLIST_FILE = YES;
				IPHONEOS_DEPLOYMENT_TARGET = 27.0;
				MARKETING_VERSION = 1.0;
				PRODUCT_BUNDLE_IDENTIFIER = com.kinn.BeatavueTests;
				PRODUCT_NAME = "$(TARGET_NAME)";
				STRING_CATALOG_GENERATE_SYMBOLS = NO;
				SWIFT_APPROACHABLE_CONCURRENCY = YES;
				SWIFT_EMIT_LOC_STRINGS = NO;
				SWIFT_UPCOMING_FEATURE_MEMBER_IMPORT_VISIBILITY = YES;
				SWIFT_VERSION = 5.0;
				TARGETED_DEVICE_FAMILY = "1,2";
				TEST_HOST = "$(BUILT_PRODUCTS_DIR)/Beatavue.app/$(BUNDLE_EXECUTABLE_FOLDER_PATH)/Beatavue";
			};
			name = Debug;
		};
		3FBE14D33073C15D002E137D /* Release configuration for PBXNativeTarget "BeatavueTests" */ = {
			isa = XCBuildConfiguration;
			buildSettings = {
				BUNDLE_LOADER = "$(TEST_HOST)";
				CODE_SIGN_STYLE = Automatic;
				CURRENT_PROJECT_VERSION = 1;
				DEVELOPMENT_TEAM = 6W8B6G9KYD;
				GENERATE_INFOPLIST_FILE = YES;
				IPHONEOS_DEPLOYMENT_TARGET = 27.0;
				MARKETING_VERSION = 1.0;
				PRODUCT_BUNDLE_IDENTIFIER = com.kinn.BeatavueTests;
				PRODUCT_NAME = "$(TARGET_NAME)";
				STRING_CATALOG_GENERATE_SYMBOLS = NO;
				SWIFT_APPROACHABLE_CONCURRENCY = YES;
				SWIFT_EMIT_LOC_STRINGS = NO;
				SWIFT_UPCOMING_FEATURE_MEMBER_IMPORT_VISIBILITY = YES;
				SWIFT_VERSION = 5.0;
				TARGETED_DEVICE_FAMILY = "1,2";
				TEST_HOST = "$(BUILT_PRODUCTS_DIR)/Beatavue.app/$(BUNDLE_EXECUTABLE_FOLDER_PATH)/Beatavue";
			};
			name = Release;
		};
		3FBE14D53073C15D002E137D /* Debug configuration for PBXNativeTarget "BeatavueUITests" */ = {
			isa = XCBuildConfiguration;
			buildSettings = {
				CODE_SIGN_STYLE = Automatic;
				CURRENT_PROJECT_VERSION = 1;
				DEVELOPMENT_TEAM = 6W8B6G9KYD;
				GENERATE_INFOPLIST_FILE = YES;
				MARKETING_VERSION = 1.0;
				PRODUCT_BUNDLE_IDENTIFIER = com.kinn.BeatavueUITests;
				PRODUCT_NAME = "$(TARGET_NAME)";
				STRING_CATALOG_GENERATE_SYMBOLS = NO;
				SWIFT_APPROACHABLE_CONCURRENCY = YES;
				SWIFT_EMIT_LOC_STRINGS = NO;
				SWIFT_UPCOMING_FEATURE_MEMBER_IMPORT_VISIBILITY = YES;
				SWIFT_VERSION = 5.0;
				TARGETED_DEVICE_FAMILY = "1,2";
				TEST_TARGET_NAME = Beatavue;
			};
			name = Debug;
		};
		3FBE14D63073C15D002E137D /* Release configuration for PBXNativeTarget "BeatavueUITests" */ = {
			isa = XCBuildConfiguration;
			buildSettings = {
				CODE_SIGN_STYLE = Automatic;
				CURRENT_PROJECT_VERSION = 1;
				DEVELOPMENT_TEAM = 6W8B6G9KYD;
				GENERATE_INFOPLIST_FILE = YES;
				MARKETING_VERSION = 1.0;
				PRODUCT_BUNDLE_IDENTIFIER = com.kinn.BeatavueUITests;
				PRODUCT_NAME = "$(TARGET_NAME)";
				STRING_CATALOG_GENERATE_SYMBOLS = NO;
				SWIFT_APPROACHABLE_CONCURRENCY = YES;
				SWIFT_EMIT_LOC_STRINGS = NO;
				SWIFT_UPCOMING_FEATURE_MEMBER_IMPORT_VISIBILITY = YES;
				SWIFT_VERSION = 5.0;
				TARGETED_DEVICE_FAMILY = "1,2";
				TEST_TARGET_NAME = Beatavue;
			};
			name = Release;
		};
		3FBE14FB3073C746002E137D /* Debug configuration for PBXNativeTarget "Beatavue Watch Watch App" */ = {
			isa = XCBuildConfiguration;
			buildSettings = {
				ASSETCATALOG_COMPILER_APPICON_NAME = AppIcon;
				ASSETCATALOG_COMPILER_GLOBAL_ACCENT_COLOR_NAME = AccentColor;
				CODE_SIGN_ENTITLEMENTS = "Beatavue Watch Watch App/Beatavue Watch Watch App.entitlements";
				CODE_SIGN_STYLE = Automatic;
				CURRENT_PROJECT_VERSION = 1;
				DEVELOPMENT_TEAM = 6W8B6G9KYD;
				ENABLE_PREVIEWS = YES;
				GENERATE_INFOPLIST_FILE = YES;
				INFOPLIST_FILE = "Beatavue-Watch-Watch-App-Info.plist";
				INFOPLIST_KEY_CFBundleDisplayName = "Beatavue Watch";
				INFOPLIST_KEY_NSHealthShareUsageDescription = "Beatavue reads heart rate during a workout you start to display it on your Watch and iPhone.";
				INFOPLIST_KEY_NSHealthUpdateUsageDescription = "Beatavue saves workouts you explicitly start and stop on Apple Watch to Apple Health.";
				INFOPLIST_KEY_UISupportedInterfaceOrientations = "UIInterfaceOrientationPortrait UIInterfaceOrientationPortraitUpsideDown";
				INFOPLIST_KEY_WKCompanionAppBundleIdentifier = com.kinn.Beatavue;
				LD_RUNPATH_SEARCH_PATHS = (
					"$(inherited)",
					"@executable_path/Frameworks",
				);
				MARKETING_VERSION = 1.0;
				PRODUCT_BUNDLE_IDENTIFIER = com.kinn.Beatavue.watchkitapp;
				PRODUCT_NAME = "$(TARGET_NAME)";
				SDKROOT = watchos;
				SKIP_INSTALL = YES;
				STRING_CATALOG_GENERATE_SYMBOLS = YES;
				SWIFT_APPROACHABLE_CONCURRENCY = YES;
				SWIFT_DEFAULT_ACTOR_ISOLATION = MainActor;
				SWIFT_EMIT_LOC_STRINGS = YES;
				SWIFT_UPCOMING_FEATURE_MEMBER_IMPORT_VISIBILITY = YES;
				SWIFT_VERSION = 5.0;
				TARGETED_DEVICE_FAMILY = 4;
				WATCHOS_DEPLOYMENT_TARGET = 10.0;
			};
			name = Debug;
		};
		3FBE14FC3073C746002E137D /* Release configuration for PBXNativeTarget "Beatavue Watch Watch App" */ = {
			isa = XCBuildConfiguration;
			buildSettings = {
				ASSETCATALOG_COMPILER_APPICON_NAME = AppIcon;
				ASSETCATALOG_COMPILER_GLOBAL_ACCENT_COLOR_NAME = AccentColor;
				CODE_SIGN_ENTITLEMENTS = "Beatavue Watch Watch App/Beatavue Watch Watch App.entitlements";
				CODE_SIGN_STYLE = Automatic;
				CURRENT_PROJECT_VERSION = 1;
				DEVELOPMENT_TEAM = 6W8B6G9KYD;
				ENABLE_PREVIEWS = YES;
				GENERATE_INFOPLIST_FILE = YES;
				INFOPLIST_FILE = "Beatavue-Watch-Watch-App-Info.plist";
				INFOPLIST_KEY_CFBundleDisplayName = "Beatavue Watch";
				INFOPLIST_KEY_NSHealthShareUsageDescription = "Beatavue reads heart rate during a workout you start to display it on your Watch and iPhone.";
				INFOPLIST_KEY_NSHealthUpdateUsageDescription = "Beatavue saves workouts you explicitly start and stop on Apple Watch to Apple Health.";
				INFOPLIST_KEY_UISupportedInterfaceOrientations = "UIInterfaceOrientationPortrait UIInterfaceOrientationPortraitUpsideDown";
				INFOPLIST_KEY_WKCompanionAppBundleIdentifier = com.kinn.Beatavue;
				LD_RUNPATH_SEARCH_PATHS = (
					"$(inherited)",
					"@executable_path/Frameworks",
				);
				MARKETING_VERSION = 1.0;
				PRODUCT_BUNDLE_IDENTIFIER = com.kinn.Beatavue.watchkitapp;
				PRODUCT_NAME = "$(TARGET_NAME)";
				SDKROOT = watchos;
				SKIP_INSTALL = YES;
				STRING_CATALOG_GENERATE_SYMBOLS = YES;
				SWIFT_APPROACHABLE_CONCURRENCY = YES;
				SWIFT_DEFAULT_ACTOR_ISOLATION = MainActor;
				SWIFT_EMIT_LOC_STRINGS = YES;
				SWIFT_UPCOMING_FEATURE_MEMBER_IMPORT_VISIBILITY = YES;
				SWIFT_VERSION = 5.0;
				TARGETED_DEVICE_FAMILY = 4;
				WATCHOS_DEPLOYMENT_TARGET = 10.0;
			};
			name = Release;
		};
		3FBE14FF3073C746002E137D /* Debug configuration for PBXNativeTarget "Beatavue Watch Watch AppTests" */ = {
			isa = XCBuildConfiguration;
			buildSettings = {
				BUNDLE_LOADER = "$(TEST_HOST)";
				CODE_SIGN_STYLE = Automatic;
				CURRENT_PROJECT_VERSION = 1;
				DEVELOPMENT_TEAM = 6W8B6G9KYD;
				GENERATE_INFOPLIST_FILE = YES;
				MARKETING_VERSION = 1.0;
				PRODUCT_BUNDLE_IDENTIFIER = "com.kinn.Beatavue-Watch-Watch-AppTests";
				PRODUCT_NAME = "$(TARGET_NAME)";
				SDKROOT = watchos;
				STRING_CATALOG_GENERATE_SYMBOLS = NO;
				SWIFT_APPROACHABLE_CONCURRENCY = YES;
				SWIFT_EMIT_LOC_STRINGS = NO;
				SWIFT_UPCOMING_FEATURE_MEMBER_IMPORT_VISIBILITY = YES;
				SWIFT_VERSION = 5.0;
				TARGETED_DEVICE_FAMILY = 4;
				TEST_HOST = "$(BUILT_PRODUCTS_DIR)/Beatavue Watch Watch App.app/$(BUNDLE_EXECUTABLE_FOLDER_PATH)/Beatavue Watch Watch App";
				WATCHOS_DEPLOYMENT_TARGET = 27.0;
			};
			name = Debug;
		};
		3FBE15003073C746002E137D /* Release configuration for PBXNativeTarget "Beatavue Watch Watch AppTests" */ = {
			isa = XCBuildConfiguration;
			buildSettings = {
				BUNDLE_LOADER = "$(TEST_HOST)";
				CODE_SIGN_STYLE = Automatic;
				CURRENT_PROJECT_VERSION = 1;
				DEVELOPMENT_TEAM = 6W8B6G9KYD;
				GENERATE_INFOPLIST_FILE = YES;
				MARKETING_VERSION = 1.0;
				PRODUCT_BUNDLE_IDENTIFIER = "com.kinn.Beatavue-Watch-Watch-AppTests";
				PRODUCT_NAME = "$(TARGET_NAME)";
				SDKROOT = watchos;
				STRING_CATALOG_GENERATE_SYMBOLS = NO;
				SWIFT_APPROACHABLE_CONCURRENCY = YES;
				SWIFT_EMIT_LOC_STRINGS = NO;
				SWIFT_UPCOMING_FEATURE_MEMBER_IMPORT_VISIBILITY = YES;
				SWIFT_VERSION = 5.0;
				TARGETED_DEVICE_FAMILY = 4;
				TEST_HOST = "$(BUILT_PRODUCTS_DIR)/Beatavue Watch Watch App.app/$(BUNDLE_EXECUTABLE_FOLDER_PATH)/Beatavue Watch Watch App";
				WATCHOS_DEPLOYMENT_TARGET = 27.0;
			};
			name = Release;
		};
		3FBE15023073C746002E137D /* Debug configuration for PBXNativeTarget "Beatavue Watch Watch AppUITests" */ = {
			isa = XCBuildConfiguration;
			buildSettings = {
				CODE_SIGN_STYLE = Automatic;
				CURRENT_PROJECT_VERSION = 1;
				DEVELOPMENT_TEAM = 6W8B6G9KYD;
				GENERATE_INFOPLIST_FILE = YES;
				MARKETING_VERSION = 1.0;
				PRODUCT_BUNDLE_IDENTIFIER = "com.kinn.Beatavue-Watch-Watch-AppUITests";
				PRODUCT_NAME = "$(TARGET_NAME)";
				SDKROOT = watchos;
				STRING_CATALOG_GENERATE_SYMBOLS = NO;
				SWIFT_APPROACHABLE_CONCURRENCY = YES;
				SWIFT_EMIT_LOC_STRINGS = NO;
				SWIFT_UPCOMING_FEATURE_MEMBER_IMPORT_VISIBILITY = YES;
				SWIFT_VERSION = 5.0;
				TARGETED_DEVICE_FAMILY = 4;
				TEST_TARGET_NAME = "Beatavue Watch Watch App";
				WATCHOS_DEPLOYMENT_TARGET = 27.0;
			};
			name = Debug;
		};
		3FBE15033073C746002E137D /* Release configuration for PBXNativeTarget "Beatavue Watch Watch AppUITests" */ = {
			isa = XCBuildConfiguration;
			buildSettings = {
				CODE_SIGN_STYLE = Automatic;
				CURRENT_PROJECT_VERSION = 1;
				DEVELOPMENT_TEAM = 6W8B6G9KYD;
				GENERATE_INFOPLIST_FILE = YES;
				MARKETING_VERSION = 1.0;
				PRODUCT_BUNDLE_IDENTIFIER = "com.kinn.Beatavue-Watch-Watch-AppUITests";
				PRODUCT_NAME = "$(TARGET_NAME)";
				SDKROOT = watchos;
				STRING_CATALOG_GENERATE_SYMBOLS = NO;
				SWIFT_APPROACHABLE_CONCURRENCY = YES;
				SWIFT_EMIT_LOC_STRINGS = NO;
				SWIFT_UPCOMING_FEATURE_MEMBER_IMPORT_VISIBILITY = YES;
				SWIFT_VERSION = 5.0;
				TARGETED_DEVICE_FAMILY = 4;
				TEST_TARGET_NAME = "Beatavue Watch Watch App";
				WATCHOS_DEPLOYMENT_TARGET = 27.0;
			};
			name = Release;
		};
/* End XCBuildConfiguration section */

/* Begin XCConfigurationList section */
		3FBE14A83073C15D002E137D /* Build configuration list for PBXProject "Beatavue" */ = {
			isa = XCConfigurationList;
			buildConfigurations = (
				3FBE14CC3073C15D002E137D /* Debug configuration for PBXProject "Beatavue" */,
				3FBE14CD3073C15D002E137D /* Release configuration for PBXProject "Beatavue" */,
			);
			defaultConfigurationName = Release;
		};
		3FBE14CE3073C15D002E137D /* Build configuration list for PBXNativeTarget "Beatavue" */ = {
			isa = XCConfigurationList;
			buildConfigurations = (
				3FBE14CF3073C15D002E137D /* Debug configuration for PBXNativeTarget "Beatavue" */,
				3FBE14D03073C15D002E137D /* Release configuration for PBXNativeTarget "Beatavue" */,
			);
			defaultConfigurationName = Release;
		};
		3FBE14D13073C15D002E137D /* Build configuration list for PBXNativeTarget "BeatavueTests" */ = {
			isa = XCConfigurationList;
			buildConfigurations = (
				3FBE14D23073C15D002E137D /* Debug configuration for PBXNativeTarget "BeatavueTests" */,
				3FBE14D33073C15D002E137D /* Release configuration for PBXNativeTarget "BeatavueTests" */,
			);
			defaultConfigurationName = Release;
		};
		3FBE14D43073C15D002E137D /* Build configuration list for PBXNativeTarget "BeatavueUITests" */ = {
			isa = XCConfigurationList;
			buildConfigurations = (
				3FBE14D53073C15D002E137D /* Debug configuration for PBXNativeTarget "BeatavueUITests" */,
				3FBE14D63073C15D002E137D /* Release configuration for PBXNativeTarget "BeatavueUITests" */,
			);
			defaultConfigurationName = Release;
		};
		3FBE14FA3073C746002E137D /* Build configuration list for PBXNativeTarget "Beatavue Watch Watch App" */ = {
			isa = XCConfigurationList;
			buildConfigurations = (
				3FBE14FB3073C746002E137D /* Debug configuration for PBXNativeTarget "Beatavue Watch Watch App" */,
				3FBE14FC3073C746002E137D /* Release configuration for PBXNativeTarget "Beatavue Watch Watch App" */,
			);
			defaultConfigurationName = Release;
		};
		3FBE14FE3073C746002E137D /* Build configuration list for PBXNativeTarget "Beatavue Watch Watch AppTests" */ = {
			isa = XCConfigurationList;
			buildConfigurations = (
				3FBE14FF3073C746002E137D /* Debug configuration for PBXNativeTarget "Beatavue Watch Watch AppTests" */,
				3FBE15003073C746002E137D /* Release configuration for PBXNativeTarget "Beatavue Watch Watch AppTests" */,
			);
			defaultConfigurationName = Release;
		};
		3FBE15013073C746002E137D /* Build configuration list for PBXNativeTarget "Beatavue Watch Watch AppUITests" */ = {
			isa = XCConfigurationList;
			buildConfigurations = (
				3FBE15023073C746002E137D /* Debug configuration for PBXNativeTarget "Beatavue Watch Watch AppUITests" */,
				3FBE15033073C746002E137D /* Release configuration for PBXNativeTarget "Beatavue Watch Watch AppUITests" */,
			);
			defaultConfigurationName = Release;
		};
/* End XCConfigurationList section */
	};
	rootObject = 3FBE14A53073C15D002E137D /* Project object */;
	validationLevel = 1;
}
